// !$*UTF8*$!
{
	archiveVersion = 1;
	classes = {
	};
	objectVersion = 46;
	objects = {

/* Begin PBXBuildFile section */
		52AB8ABB1F66605F00D4DCA8 /* AppDelegate.swift in Sources */ = {isa = PBXBuildFile; fileRef = 52AB8ABA1F66605F00D4DCA8 /* AppDelegate.swift */; };
		52AB8ABD1F66605F00D4DCA8 /* RedViewController.swift in Sources */ = {isa = PBXBuildFile; fileRef = 52AB8ABC1F66605F00D4DCA8 /* RedViewController.swift */; };
		52AB8AC01F66605F00D4DCA8 /* Main.storyboard in Resources */ = {isa = PBXBuildFile; fileRef = 52AB8ABE1F66605F00D4DCA8 /* Main.storyboard */; };
		52AB8AC21F66605F00D4DCA8 /* Assets.xcassets in Resources */ = {isa = PBXBuildFile; fileRef = 52AB8AC11F66605F00D4DCA8 /* Assets.xcassets */; };
		52AB8AC51F66605F00D4DCA8 /* LaunchScreen.storyboard in Resources */ = {isa = PBXBuildFile; fileRef = 52AB8AC31F66605F00D4DCA8 /* LaunchScreen.storyboard */; };
		52AB8ACF1F66615F00D4DCA8 /* GreenViewController.swift in Sources */ = {isa = PBXBuildFile; fileRef = 52AB8ACE1F66615F00D4DCA8 /* GreenViewController.swift */; };
		52AB8AD11F66629F00D4DCA8 /* BlueViewController.swift in Sources */ = {isa = PBXBuildFile; fileRef = 52AB8AD01F66629F00D4DCA8 /* BlueViewController.swift */; };
/* End PBXBuildFile section */

/* Begin PBXFileReference section */
		52AB8AB71F66605F00D4DCA8 /* UnwindSegue.app */ = {isa = PBXFileReference; explicitFileType = wrapper.application; includeInIndex = 0; path = UnwindSegue.app; sourceTree = BUILT_PRODUCTS_DIR; };
		52AB8ABA1F66605F00D4DCA8 /* AppDelegate.swift */ = {isa = PBXFileReference; lastKnownFileType = sourcecode.swift; path = AppDelegate.swift; sourceTree = "<group>"; };
		52AB8ABC1F66605F00D4DCA8 /* RedViewController.swift */ = {isa = PBXFileReference; lastKnownFileType = sourcecode.swift; path = RedViewController.swift; sourceTree = "<group>"; };
		52AB8ABF1F66605F00D4DCA8 /* Base */ = {isa = PBXFileReference; lastKnownFileType = file.storyboard; name = Base; path = Base.lproj/Main.storyboard; sourceTree = "<group>"; };
		52AB8AC11F66605F00D4DCA8 /* Assets.xcassets */ = {isa = PBXFileReference; lastKnownFileType = folder.assetcatalog; path = Assets.xcassets; sourceTree = "<group>"; };
		52AB8AC41F66605F00D4DCA8 /* Base */ = {isa = PBXFileReference; lastKnownFileType = file.storyboard; name = Base; path = Base.lproj/LaunchScreen.storyboard; sourceTree = "<group>"; };
		52AB8AC61F66605F00D4DCA8 /* Info.plist */ = {isa = PBXFileReference; lastKnownFileType = text.plist.xml; path = Info.plist; sourceTree = "<group>"; };
		52AB8ACE1F66615F00D4DCA8 /* GreenViewController.swift */ = {isa = PBXFileReference; fileEncoding = 4; lastKnownFileType = sourcecode.swift; path = GreenViewController.swift; sourceTree = "<group>"; };
		52AB8AD01F66629F00D4DCA8 /* BlueViewController.swift */ = {isa = PBXFileReference; fileEncoding = 4; lastKnownFileType = sourcecode.swift; path = BlueViewController.swift; sourceTree = "<group>"; };
/* End PBXFileReference section */

/* Begin PBXFrameworksBuildPhase section */
		52AB8AB41F66605F00D4DCA8 /* Frameworks */ = {
			isa = PBXFrameworksBuildPhase;
			buildActionMask = 2147483647;
			files = (
			);
			runOnlyForDeploymentPostprocessing = 0;
		};
/* End PBXFrameworksBuildPhase section */

/* Begin PBXGroup section */
		52AB8AAE1F66605F00D4DCA8 = {
			isa = PBXGroup;
			children = (
				52AB8AB91F66605F00D4DCA8 /* UnwindSegue */,
				52AB8AB81F66605F00D4DCA8 /* Products */,
			);
			sourceTree = "<group>";
		};
		52AB8AB81F66605F00D4DCA8 /* Products */ = {
			isa = PBXGroup;
			children = (
				52AB8AB71F66605F00D4DCA8 /* UnwindSegue.app */,
			);
			name = Products;
			sourceTree = "<group>";
		};
		52AB8AB91F66605F00D4DCA8 /* UnwindSegue */ = {
			isa = PBXGroup;
			children = (
				52AB8ABA1F66605F00D4DCA8 /* AppDelegate.swift */,
				52AB8ABC1F66605F00D4DCA8 /* RedViewController.swift */,
				52AB8ABE1F66605F00D4DCA8 /* Main.storyboard */,
				52AB8AC11F66605F00D4DCA8 /* Assets.xcassets */,
				52AB8AC31F66605F00D4DCA8 /* LaunchScreen.storyboard */,
				52AB8AC61F66605F00D4DCA8 /* Info.plist */,
				52AB8ACE1F66615F00D4DCA8 /* GreenViewController.swift */,
				52AB8AD01F66629F00D4DCA8 /* BlueViewController.swift */,
			);
			path = UnwindSegue;
			sourceTree = "<group>";
		};
/* End PBXGroup section */

/* Begin PBXNativeTarget section */
		52AB8AB61F66605F00D4DCA8 /* UnwindSegue */ = {
			isa = PBXNativeTarget;
			buildConfigurationList = 52AB8AC91F66605F00D4DCA8 /* Build configuration list for PBXNativeTarget "UnwindSegue" */;
			buildPhases = (
				52AB8AB31F66605F00D4DCA8 /* Sources */,
				52AB8AB41F66605F00D4DCA8 /* Frameworks */,
				52AB8AB51F66605F00D4DCA8 /* Resources */,
			);
			buildRules = (
			);
			dependencies = (
			);
			name = UnwindSegue;
			productName = UnwindSegue;
			productReference = 52AB8AB71F66605F00D4DCA8 /* UnwindSegue.app */;
			productType = "com.apple.product-type.application";
		};
/* End PBXNativeTarget section */

/* Begin PBXProject section */
		52AB8AAF1F66605F00D4DCA8 /* Project object */ = {
			isa = PBXProject;
			attributes = {
				LastSwiftUpdateCheck = 0830;
				LastUpgradeCheck = 0830;
				ORGANIZATIONNAME = "Prabin K Datta";
				TargetAttributes = {
					52AB8AB61F66605F00D4DCA8 = {
						CreatedOnToolsVersion = 8.3.3;
						DevelopmentTeam = 38BL9KL8P6;
						ProvisioningStyle = Automatic;
					};
				};
			};
			buildConfigurationList = 52AB8AB21F66605F00D4DCA8 /* Build configuration list for PBXProject "UnwindSegue" */;
			compatibilityVersion = "Xcode 3.2";
			developmentRegion = English;
			hasScannedForEncodings = 0;
			knownRegions = (
				en,
				Base,
			);
			mainGroup = 52AB8AAE1F66605F00D4DCA8;
			productRefGroup = 52AB8AB81F66605F00D4DCA8 /* Products */;
			projectDirPath = "";
			projectRoot = "";
			targets = (
				52AB8AB61F66605F00D4DCA8 /* UnwindSegue */,
			);
		};
/* End PBXProject section */

/* Begin PBXResourcesBuildPhase section */
		52AB8AB51F66605F00D4DCA8 /* Resources */ = {
			isa = PBXResourcesBuildPhase;
			buildActionMask = 2147483647;
			files = (
				52AB8AC51F66605F00D4DCA8 /* LaunchScreen.storyboard in Resources */,
				52AB8AC21F66605F00D4DCA8 /* Assets.xcassets in Resources */,
				52AB8AC01F66605F00D4DCA8 /* Main.storyboard in Resources */,
			);
			runOnlyForDeploymentPostprocessing = 0;
		};
/* End PBXResourcesBuildPhase section */

/* Begin PBXSourcesBuildPhase section */
		52AB8AB31F66605F00D4DCA8 /* Sources */ = {
			isa = PBXSourcesBuildPhase;
			buildActionMask = 2147483647;
			files = (
				52AB8ACF1F66615F00D4DCA8 /* GreenViewController.swift in Sources */,
				52AB8ABD1F66605F00D4DCA8 /* RedViewController.swift in Sources */,
				52AB8AD11F66629F00D4DCA8 /* BlueViewController.swift in Sources */,
				52AB8ABB1F66605F00D4DCA8 /* AppDelegate.swift in Sources */,
			);
			runOnlyForDeploymentPostprocessing = 0;
		};
/* End PBXSourcesBuildPhase section */

/* Begin PBXVariantGroup section */
		52AB8ABE1F66605F00D4DCA8 /* Main.storyboard */ = {
			isa = PBXVariantGroup;
			children = (
				52AB8ABF1F66605F00D4DCA8 /* Base */,
			);
			name = Main.storyboard;
			sourceTree = "<group>";
		};
		52AB8AC31F66605F00D4DCA8 /* LaunchScreen.storyboard */ = {
			isa = PBXVariantGroup;
			children = (
				52AB8AC41F66605F00D4DCA8 /* Base */,
			);
			name = LaunchScreen.storyboard;
			sourceTree = "<group>";
		};
/* End PBXVariantGroup section */

/* Begin XCBuildConfiguration section */
		52AB8AC71F66605F00D4DCA8 /* Debug */ = {
			isa = XCBuildConfiguration;
			buildSettings = {
				ALWAYS_SEARCH_USER_PATHS = NO;
				CLANG_ANALYZER_NONNULL = YES;
				CLANG_ANALYZER_NUMBER_OBJECT_CONVERSION = YES_AGGRESSIVE;
				CLANG_CXX_LANGUAGE_STANDARD = "gnu++0x";
				CLANG_CXX_LIBRARY = "libc++";
				CLANG_ENABLE_MODULES = YES;
				CLANG_ENABLE_OBJC_ARC = YES;
				CLANG_WARN_BOOL_CONVERSION = YES;
				CLANG_WARN_CONSTANT_CONVERSION = YES;
				CLANG_WARN_DIRECT_OBJC_ISA_USAGE = YES_ERROR;
				CLANG_WARN_DOCUMENTATION_COMMENTS = YES;
				CLANG_WARN_EMPTY_BODY = YES;
				CLANG_WARN_ENUM_CONVERSION = YES;
				CLANG_WARN_INFINITE_RECURSION = YES;
				CLANG_WARN_INT_CONVERSION = YES;
				CLANG_WARN_OBJC_ROOT_CLASS = YES_ERROR;
				CLANG_WARN_SUSPICIOUS_MOVE = YES;
				CLANG_WARN_UNREACHABLE_CODE = YES;
				CLANG_WARN__DUPLICATE_METHOD_MATCH = YES;
				"CODE_SIGN_IDENTITY[sdk=iphoneos*]" = "iPhone Developer";
				COPY_PHASE_STRIP = NO;
				DEBUG_INFORMATION_FORMAT = dwarf;
				ENABLE_STRICT_OBJC_MSGSEND = YES;
				ENABLE_TESTABILITY = YES;
				GCC_C_LANGUAGE_STANDARD = gnu99;
				GCC_DYNAMIC_NO_PIC = NO;
				GCC_NO_COMMON_BLOCKS = YES;
				GCC_OPTIMIZATION_LEVEL = 0;
				GCC_PREPROCESSOR_DEFINITIONS = (
					"DEBUG=1",
					"$(inherited)",
				);
				GCC_WARN_64_TO_32_BIT_CONVERSION = YES;
				GCC_WARN_ABOUT_RETURN_TYPE = YES_ERROR;
				GCC_WARN_UNDECLARED_SELECTOR = YES;
				GCC_WARN_UNINITIALIZED_AUTOS = YES_AGGRESSIVE;
				GCC_WARN_UNUSED_FUNCTION = YES;
				GCC_WARN_UNUSED_VARIABLE = YES;
				IPHONEOS_DEPLOYMENT_TARGET = 10.3;
				MTL_ENABLE_DEBUG_INFO = YES;
				ONLY_ACTIVE_ARCH = YES;
				SDKROOT = iphoneos;
				SWIFT_ACTIVE_COMPILATION_CONDITIONS = DEBUG;
				SWIFT_OPTIMIZATION_LEVEL = "-Onone";
				TARGETED_DEVICE_FAMILY = "1,2";
			};
			name = Debug;
		};
		52AB8AC81F66605F00D4DCA8 /* Release */ = {
			isa = XCBuildConfiguration;
			buildSettings = {
				ALWAYS_SEARCH_USER_PATHS = NO;
				CLANG_ANALYZER_NONNULL = YES;
				CLANG_ANALYZER_NUMBER_OBJECT_CONVERSION = YES_AGGRESSIVE;
				CLANG_CXX_LANGUAGE_STANDARD = "gnu++0x";
				CLANG_CXX_LIBRARY = "libc++";
				CLANG_ENABLE_MODULES = YES;
				CLANG_ENABLE_OBJC_ARC = YES;
				CLANG_WARN_BOOL_CONVERSION = YES;
				CLANG_WARN_CONSTANT_CONVERSION = YES;
				CLANG_WARN_DIRECT_OBJC_ISA_USAGE = YES_ERROR;
				CLANG_WARN_DOCUMENTATION_COMMENTS = YES;
				CLANG_WARN_EMPTY_BODY = YES;
				CLANG_WARN_ENUM_CONVERSION = YES;
				CLANG_WARN_INFINITE_RECURSION = YES;
				CLANG_WARN_INT_CONVERSION = YES;
				CLANG_WARN_OBJC_ROOT_CLASS = YES_ERROR;
				CLANG_WARN_SUSPICIOUS_MOVE = YES;
				CLANG_WARN_UNREACHABLE_CODE = YES;
				CLANG_WARN__DUPLICATE_METHOD_MATCH = YES;
				"CODE_SIGN_IDENTITY[sdk=iphoneos*]" = "iPhone Developer";
				COPY_PHASE_STRIP = NO;
				DEBUG_INFORMATION_FORMAT = "dwarf-with-dsym";
				ENABLE_NS_ASSERTIONS = NO;
				ENABLE_STRICT_OBJC_MSGSEND = YES;
				GCC_C_LANGUAGE_STANDARD = gnu99;
				GCC_NO_COMMON_BLOCKS = YES;
				GCC_WARN_64_TO_32_BIT_CONVERSION = YES;
				GCC_WARN_ABOUT_RETURN_TYPE = YES_ERROR;
				GCC_WARN_UNDECLARED_SELECTOR = YES;
				GCC_WARN_UNINITIALIZED_AUTOS = YES_AGGRESSIVE;
				GCC_WARN_UNUSED_FUNCTION = YES;
				GCC_WARN_UNUSED_VARIABLE = YES;
				IPHONEOS_DEPLOYMENT_TARGET = 10.3;
				MTL_ENABLE_DEBUG_INFO = NO;
				SDKROOT = iphoneos;
				SWIFT_OPTIMIZATION_LEVEL = "-Owholemodule";
				TARGETED_DEVICE_FAMILY = "1,2";
				VALIDATE_PRODUCT = YES;
			};
			name = Release;
		};
		52AB8ACA1F66605F00D4DCA8 /* Debug */ = {
			isa = XCBuildConfiguration;
			buildSettings = {
				ASSETCATALOG_COMPILER_APPICON_NAME = AppIcon;
				DEVELOPMENT_TEAM = 38BL9KL8P6;
				INFOPLIST_FILE = UnwindSegue/Info.plist;
				LD_RUNPATH_SEARCH_PATHS = "$(inherited) @executable_path/Frameworks";
				PRODUCT_BUNDLE_IDENTIFIER = com.pkd.UnwindSegue;
				PRODUCT_NAME = "$(TARGET_NAME)";
				SWIFT_VERSION = 3.0;
			};
			name = Debug;
		};
		52AB8ACB1F66605F00D4DCA8 /* Release */ = {
			isa = XCBuildConfiguration;
			buildSettings = {
				ASSETCATALOG_COMPILER_APPICON_NAME = AppIcon;
				DEVELOPMENT_TEAM = 38BL9KL8P6;
				INFOPLIST_FILE = UnwindSegue/Info.plist;
				LD_RUNPATH_SEARCH_PATHS = "$(inherited) @executable_path/Frameworks";
				PRODUCT_BUNDLE_IDENTIFIER = com.pkd.UnwindSegue;
				PRODUCT_NAME = "$(TARGET_NAME)";
				SWIFT_VERSION = 3.0;
			};
			name = Release;
		};
/* End XCBuildConfiguration section */

/* Begin XCConfigurationList section */
		52AB8AB21F66605F00D4DCA8 /* Build configuration list for PBXProject "UnwindSegue" */ = {
			isa = XCConfigurationList;
			buildConfigurations = (
				52AB8AC71F66605F00D4DCA8 /* Debug */,
				52AB8AC81F66605F00D4DCA8 /* Release */,
			);
			defaultConfigurationIsVisible = 0;
			defaultConfigurationName = Release;
		};
		52AB8AC91F66605F00D4DCA8 /* Build configuration list for PBXNativeTarget "UnwindSegue" */ = {
			isa = XCConfigurationList;
			buildConfigurations = (
				52AB8ACA1F66605F00D4DCA8 /* Debug */,
				52AB8ACB1F66605F00D4DCA8 /* Release */,
			);
			defaultConfigurationIsVisible = 0;
		};
/* End XCConfigurationList section */
	};
	rootObject = 52AB8AAF1F66605F00D4DCA8 /* Project object */;
}
